// !$*UTF8*$!
{
	archiveVersion = 1;
	classes = {
	};
	objectVersion = 46;
	objects = {

/* Begin PBXBuildFile section */
		947AD87019FE959800478B9D /* main.m in Sources */ = {isa = PBXBuildFile; fileRef = 947AD86F19FE959800478B9D /* main.m */; };
		947AD87319FE959800478B9D /* AppDelegate.m in Sources */ = {isa = PBXBuildFile; fileRef = 947AD87219FE959800478B9D /* AppDelegate.m */; };
		947AD87619FE959800478B9D /* Example1.xcdatamodeld in Sources */ = {isa = PBXBuildFile; fileRef = 947AD87419FE959800478B9D /* Example1.xcdatamodeld */; };
		947AD87919FE959800478B9D /* ViewController.m in Sources */ = {isa = PBXBuildFile; fileRef = 947AD87819FE959800478B9D /* ViewController.m */; };
		947AD87C19FE959800478B9D /* Main.storyboard in Resources */ = {isa = PBXBuildFile; fileRef = 947AD87A19FE959800478B9D /* Main.storyboard */; };
		947AD87E19FE959800478B9D /* Images.xcassets in Resources */ = {isa = PBXBuildFile; fileRef = 947AD87D19FE959800478B9D /* Images.xcassets */; };
		947AD88119FE959800478B9D /* LaunchScreen.xib in Resources */ = {isa = PBXBuildFile; fileRef = 947AD87F19FE959800478B9D /* LaunchScreen.xib */; };
		947AD88D19FE959900478B9D /* Example1Tests.m in Sources */ = {isa = PBXBuildFile; fileRef = 947AD88C19FE959900478B9D /* Example1Tests.m */; };
		947AD89919FE95ED00478B9D /* DataCoordinator.m in Sources */ = {isa = PBXBuildFile; fileRef = 947AD89819FE95ED00478B9D /* DataCoordinator.m */; };
		947AD8A319FE9BB800478B9D /* _Doctor.m in Sources */ = {isa = PBXBuildFile; fileRef = 947AD89C19FE9BB800478B9D /* _Doctor.m */; };
		947AD8A419FE9BB800478B9D /* _Patient.m in Sources */ = {isa = PBXBuildFile; fileRef = 947AD89E19FE9BB800478B9D /* _Patient.m */; };
		947AD8A519FE9BB800478B9D /* Doctor.m in Sources */ = {isa = PBXBuildFile; fileRef = 947AD8A019FE9BB800478B9D /* Doctor.m */; };
		947AD8A619FE9BB800478B9D /* Patient.m in Sources */ = {isa = PBXBuildFile; fileRef = 947AD8A219FE9BB800478B9D /* Patient.m */; };
		947AD8AA1A00400000478B9D /* Patients.json in Resources */ = {isa = PBXBuildFile; fileRef = 947AD8A81A00400000478B9D /* Patients.json */; };
		947AD8AB1A00400000478B9D /* Doctors.json in Resources */ = {isa = PBXBuildFile; fileRef = 947AD8A91A00400000478B9D /* Doctors.json */; };
		947AD8AC1A004C1000478B9D /* DataCoordinator.m in Sources */ = {isa = PBXBuildFile; fileRef = 947AD89819FE95ED00478B9D /* DataCoordinator.m */; };
/* End PBXBuildFile section */

/* Begin PBXContainerItemProxy section */
		947AD88719FE959900478B9D /* PBXContainerItemProxy */ = {
			isa = PBXContainerItemProxy;
			containerPortal = 947AD86219FE959800478B9D /* Project object */;
			proxyType = 1;
			remoteGlobalIDString = 947AD86919FE959800478B9D;
			remoteInfo = Example1;
		};
/* End PBXContainerItemProxy section */

/* Begin PBXFileReference section */
		947AD86A19FE959800478B9D /* Example1.app */ = {isa = PBXFileReference; explicitFileType = wrapper.application; includeInIndex = 0; path = Example1.app; sourceTree = BUILT_PRODUCTS_DIR; };
		947AD86E19FE959800478B9D /* Info.plist */ = {isa = PBXFileReference; lastKnownFileType = text.plist.xml; path = Info.plist; sourceTree = "<group>"; };
		947AD86F19FE959800478B9D /* main.m */ = {isa = PBXFileReference; lastKnownFileType = sourcecode.c.objc; path = main.m; sourceTree = "<group>"; };
		947AD87119FE959800478B9D /* AppDelegate.h */ = {isa = PBXFileReference; lastKnownFileType = sourcecode.c.h; path = AppDelegate.h; sourceTree = "<group>"; };
		947AD87219FE959800478B9D /* AppDelegate.m */ = {isa = PBXFileReference; lastKnownFileType = sourcecode.c.objc; path = AppDelegate.m; sourceTree = "<group>"; };
		947AD87519FE959800478B9D /* Example1.xcdatamodel */ = {isa = PBXFileReference; lastKnownFileType = wrapper.xcdatamodel; path = Example1.xcdatamodel; sourceTree = "<group>"; };
		947AD87719FE959800478B9D /* ViewController.h */ = {isa = PBXFileReference; lastKnownFileType = sourcecode.c.h; path = ViewController.h; sourceTree = "<group>"; };
		947AD87819FE959800478B9D /* ViewController.m */ = {isa = PBXFileReference; lastKnownFileType = sourcecode.c.objc; path = ViewController.m; sourceTree = "<group>"; };
		947AD87B19FE959800478B9D /* Base */ = {isa = PBXFileReference; lastKnownFileType = file.storyboard; name = Base; path = Base.lproj/Main.storyboard; sourceTree = "<group>"; };
		947AD87D19FE959800478B9D /* Images.xcassets */ = {isa = PBXFileReference; lastKnownFileType = folder.assetcatalog; path = Images.xcassets; sourceTree = "<group>"; };
		947AD88019FE959800478B9D /* Base */ = {isa = PBXFileReference; lastKnownFileType = file.xib; name = Base; path = Base.lproj/LaunchScreen.xib; sourceTree = "<group>"; };
		947AD88619FE959900478B9D /* Example1Tests.xctest */ = {isa = PBXFileReference; explicitFileType = wrapper.cfbundle; includeInIndex = 0; path = Example1Tests.xctest; sourceTree = BUILT_PRODUCTS_DIR; };
		947AD88B19FE959900478B9D /* Info.plist */ = {isa = PBXFileReference; lastKnownFileType = text.plist.xml; path = Info.plist; sourceTree = "<group>"; };
		947AD88C19FE959900478B9D /* Example1Tests.m */ = {isa = PBXFileReference; lastKnownFileType = sourcecode.c.objc; path = Example1Tests.m; sourceTree = "<group>"; };
		947AD89719FE95ED00478B9D /* DataCoordinator.h */ = {isa = PBXFileReference; fileEncoding = 4; lastKnownFileType = sourcecode.c.h; name = DataCoordinator.h; path = Controller/DataCoordinator.h; sourceTree = "<group>"; };
		947AD89819FE95ED00478B9D /* DataCoordinator.m */ = {isa = PBXFileReference; fileEncoding = 4; lastKnownFileType = sourcecode.c.objc; name = DataCoordinator.m; path = Controller/DataCoordinator.m; sourceTree = "<group>"; };
		947AD89B19FE9BB800478B9D /* _Doctor.h */ = {isa = PBXFileReference; fileEncoding = 4; lastKnownFileType = sourcecode.c.h; name = _Doctor.h; path = Model/_Doctor.h; sourceTree = "<group>"; };
		947AD89C19FE9BB800478B9D /* _Doctor.m */ = {isa = PBXFileReference; fileEncoding = 4; lastKnownFileType = sourcecode.c.objc; name = _Doctor.m; path = Model/_Doctor.m; sourceTree = "<group>"; };
		947AD89D19FE9BB800478B9D /* _Patient.h */ = {isa = PBXFileReference; fileEncoding = 4; lastKnownFileType = sourcecode.c.h; name = _Patient.h; path = Model/_Patient.h; sourceTree = "<group>"; };
		947AD89E19FE9BB800478B9D /* _Patient.m */ = {isa = PBXFileReference; fileEncoding = 4; lastKnownFileType = sourcecode.c.objc; name = _Patient.m; path = Model/_Patient.m; sourceTree = "<group>"; };
		947AD89F19FE9BB800478B9D /* Doctor.h */ = {isa = PBXFileReference; fileEncoding = 4; lastKnownFileType = sourcecode.c.h; name = Doctor.h; path = Model/Doctor.h; sourceTree = "<group>"; };
		947AD8A019FE9BB800478B9D /* Doctor.m */ = {isa = PBXFileReference; fileEncoding = 4; lastKnownFileType = sourcecode.c.objc; name = Doctor.m; path = Model/Doctor.m; sourceTree = "<group>"; };
		947AD8A119FE9BB800478B9D /* Patient.h */ = {isa = PBXFileReference; fileEncoding = 4; lastKnownFileType = sourcecode.c.h; name = Patient.h; path = Model/Patient.h; sourceTree = "<group>"; };
		947AD8A219FE9BB800478B9D /* Patient.m */ = {isa = PBXFileReference; fileEncoding = 4; lastKnownFileType = sourcecode.c.objc; name = Patient.m; path = Model/Patient.m; sourceTree = "<group>"; };
		947AD8A81A00400000478B9D /* Patients.json */ = {isa = PBXFileReference; fileEncoding = 4; lastKnownFileType = text.json; path = Patients.json; sourceTree = "<group>"; };
		947AD8A91A00400000478B9D /* Doctors.json */ = {isa = PBXFileReference; fileEncoding = 4; lastKnownFileType = text.json; path = Doctors.json; sourceTree = "<group>"; };
/* End PBXFileReference section */

/* Begin PBXFrameworksBuildPhase section */
		947AD86719FE959800478B9D /* Frameworks */ = {
			isa = PBXFrameworksBuildPhase;
			buildActionMask = 2147483647;
			files = (
			);
			runOnlyForDeploymentPostprocessing = 0;
		};
		947AD88319FE959900478B9D /* Frameworks */ = {
			isa = PBXFrameworksBuildPhase;
			buildActionMask = 2147483647;
			files = (
			);
			runOnlyForDeploymentPostprocessing = 0;
		};
/* End PBXFrameworksBuildPhase section */

/* Begin PBXGroup section */
		947AD86119FE959800478B9D = {
			isa = PBXGroup;
			children = (
				947AD86C19FE959800478B9D /* Example1 */,
				947AD88919FE959900478B9D /* Example1Tests */,
				947AD86B19FE959800478B9D /* Products */,
			);
			sourceTree = "<group>";
		};
		947AD86B19FE959800478B9D /* Products */ = {
			isa = PBXGroup;
			children = (
				947AD86A19FE959800478B9D /* Example1.app */,
				947AD88619FE959900478B9D /* Example1Tests.xctest */,
			);
			name = Products;
			sourceTree = "<group>";
		};
		947AD86C19FE959800478B9D /* Example1 */ = {
			isa = PBXGroup;
			children = (
				947AD89A19FE9BA100478B9D /* Model */,
				947AD89619FE95B900478B9D /* Controller */,
				947AD87119FE959800478B9D /* AppDelegate.h */,
				947AD87219FE959800478B9D /* AppDelegate.m */,
				947AD87719FE959800478B9D /* ViewController.h */,
				947AD87819FE959800478B9D /* ViewController.m */,
				947AD87A19FE959800478B9D /* Main.storyboard */,
				947AD87D19FE959800478B9D /* Images.xcassets */,
				947AD87F19FE959800478B9D /* LaunchScreen.xib */,
				947AD87419FE959800478B9D /* Example1.xcdatamodeld */,
				947AD8A71A003F8600478B9D /* JSON */,
				947AD8A81A00400000478B9D /* Patients.json */,
				947AD8A91A00400000478B9D /* Doctors.json */,
				947AD86D19FE959800478B9D /* Supporting Files */,
			);
			path = Example1;
			sourceTree = "<group>";
		};
		947AD86D19FE959800478B9D /* Supporting Files */ = {
			isa = PBXGroup;
			children = (
				947AD86E19FE959800478B9D /* Info.plist */,
				947AD86F19FE959800478B9D /* main.m */,
			);
			name = "Supporting Files";
			sourceTree = "<group>";
		};
		947AD88919FE959900478B9D /* Example1Tests */ = {
			isa = PBXGroup;
			children = (
				947AD88C19FE959900478B9D /* Example1Tests.m */,
				947AD88A19FE959900478B9D /* Supporting Files */,
			);
			path = Example1Tests;
			sourceTree = "<group>";
		};
		947AD88A19FE959900478B9D /* Supporting Files */ = {
			isa = PBXGroup;
			children = (
				947AD88B19FE959900478B9D /* Info.plist */,
			);
			name = "Supporting Files";
			sourceTree = "<group>";
		};
		947AD89619FE95B900478B9D /* Controller */ = {
			isa = PBXGroup;
			children = (
				947AD89719FE95ED00478B9D /* DataCoordinator.h */,
				947AD89819FE95ED00478B9D /* DataCoordinator.m */,
			);
			name = Controller;
			sourceTree = "<group>";
		};
		947AD89A19FE9BA100478B9D /* Model */ = {
			isa = PBXGroup;
			children = (
				947AD89B19FE9BB800478B9D /* _Doctor.h */,
				947AD89C19FE9BB800478B9D /* _Doctor.m */,
				947AD89D19FE9BB800478B9D /* _Patient.h */,
				947AD89E19FE9BB800478B9D /* _Patient.m */,
				947AD89F19FE9BB800478B9D /* Doctor.h */,
				947AD8A019FE9BB800478B9D /* Doctor.m */,
				947AD8A119FE9BB800478B9D /* Patient.h */,
				947AD8A219FE9BB800478B9D /* Patient.m */,
			);
			name = Model;
			sourceTree = "<group>";
		};
		947AD8A71A003F8600478B9D /* JSON */ = {
			isa = PBXGroup;
			children = (
			);
			name = JSON;
			sourceTree = "<group>";
		};
/* End PBXGroup section */

/* Begin PBXNativeTarget section */
		947AD86919FE959800478B9D /* Example1 */ = {
			isa = PBXNativeTarget;
			buildConfigurationList = 947AD89019FE959900478B9D /* Build configuration list for PBXNativeTarget "Example1" */;
			buildPhases = (
				947AD86619FE959800478B9D /* Sources */,
				947AD86719FE959800478B9D /* Frameworks */,
				947AD86819FE959800478B9D /* Resources */,
			);
			buildRules = (
			);
			dependencies = (
			);
			name = Example1;
			productName = Example1;
			productReference = 947AD86A19FE959800478B9D /* Example1.app */;
			productType = "com.apple.product-type.application";
		};
		947AD88519FE959900478B9D /* Example1Tests */ = {
			isa = PBXNativeTarget;
			buildConfigurationList = 947AD89319FE959900478B9D /* Build configuration list for PBXNativeTarget "Example1Tests" */;
			buildPhases = (
				947AD88219FE959900478B9D /* Sources */,
				947AD88319FE959900478B9D /* Frameworks */,
				947AD88419FE959900478B9D /* Resources */,
			);
			buildRules = (
			);
			dependencies = (
				947AD88819FE959900478B9D /* PBXTargetDependency */,
			);
			name = Example1Tests;
			productName = Example1Tests;
			productReference = 947AD88619FE959900478B9D /* Example1Tests.xctest */;
			productType = "com.apple.product-type.bundle.unit-test";
		};
/* End PBXNativeTarget section */

/* Begin PBXProject section */
		947AD86219FE959800478B9D /* Project object */ = {
			isa = PBXProject;
			attributes = {
				LastUpgradeCheck = 0610;
				ORGANIZATIONNAME = "Ryan Luce";
				TargetAttributes = {
					947AD86919FE959800478B9D = {
						CreatedOnToolsVersion = 6.1;
					};
					947AD88519FE959900478B9D = {
						CreatedOnToolsVersion = 6.1;
						TestTargetID = 947AD86919FE959800478B9D;
					};
				};
			};
			buildConfigurationList = 947AD86519FE959800478B9D /* Build configuration list for PBXProject "Example1" */;
			compatibilityVersion = "Xcode 3.2";
			developmentRegion = English;
			hasScannedForEncodings = 0;
			knownRegions = (
				en,
				Base,
			);
			mainGroup = 947AD86119FE959800478B9D;
			productRefGroup = 947AD86B19FE959800478B9D /* Products */;
			projectDirPath = "";
			projectRoot = "";
			targets = (
				947AD86919FE959800478B9D /* Example1 */,
				947AD88519FE959900478B9D /* Example1Tests */,
			);
		};
/* End PBXProject section */

/* Begin PBXResourcesBuildPhase section */
		947AD86819FE959800478B9D /* Resources */ = {
			isa = PBXResourcesBuildPhase;
			buildActionMask = 2147483647;
			files = (
				947AD8AB1A00400000478B9D /* Doctors.json in Resources */,
				947AD87C19FE959800478B9D /* Main.storyboard in Resources */,
				947AD88119FE959800478B9D /* LaunchScreen.xib in Resources */,
				947AD8AA1A00400000478B9D /* Patients.json in Resources */,
				947AD87E19FE959800478B9D /* Images.xcassets in Resources */,
			);
			runOnlyForDeploymentPostprocessing = 0;
		};
		947AD88419FE959900478B9D /* Resources */ = {
			isa = PBXResourcesBuildPhase;
			buildActionMask = 2147483647;
			files = (
			);
			runOnlyForDeploymentPostprocessing = 0;
		};
/* End PBXResourcesBuildPhase section */

/* Begin PBXSourcesBuildPhase section */
		947AD86619FE959800478B9D /* Sources */ = {
			isa = PBXSourcesBuildPhase;
			buildActionMask = 2147483647;
			files = (
				947AD87319FE959800478B9D /* AppDelegate.m in Sources */,
				947AD89919FE95ED00478B9D /* DataCoordinator.m in Sources */,
				947AD8A419FE9BB800478B9D /* _Patient.m in Sources */,
				947AD8A619FE9BB800478B9D /* Patient.m in Sources */,
				947AD87619FE959800478B9D /* Example1.xcdatamodeld in Sources */,
				947AD87919FE959800478B9D /* ViewController.m in Sources */,
				947AD8A319FE9BB800478B9D /* _Doctor.m in Sources */,
				947AD8A519FE9BB800478B9D /* Doctor.m in Sources */,
				947AD87019FE959800478B9D /* main.m in Sources */,
			);
			runOnlyForDeploymentPostprocessing = 0;
		};
		947AD88219FE959900478B9D /* Sources */ = {
			isa = PBXSourcesBuildPhase;
			buildActionMask = 2147483647;
			files = (
				947AD8AC1A004C1000478B9D /* DataCoordinator.m in Sources */,
				947AD88D19FE959900478B9D /* Example1Tests.m in Sources */,
			);
			runOnlyForDeploymentPostprocessing = 0;
		};
/* End PBXSourcesBuildPhase section */

/* Begin PBXTargetDependency section */
		947AD88819FE959900478B9D /* PBXTargetDependency */ = {
			isa = PBXTargetDependency;
			target = 947AD86919FE959800478B9D /* Example1 */;
			targetProxy = 947AD88719FE959900478B9D /* PBXContainerItemProxy */;
		};
/* End PBXTargetDependency section */

/* Begin PBXVariantGroup section */
		947AD87A19FE959800478B9D /* Main.storyboard */ = {
			isa = PBXVariantGroup;
			children = (
				947AD87B19FE959800478B9D /* Base */,
			);
			name = Main.storyboard;
			sourceTree = "<group>";
		};
		947AD87F19FE959800478B9D /* LaunchScreen.xib */ = {
			isa = PBXVariantGroup;
			children = (
				947AD88019FE959800478B9D /* Base */,
			);
			name = LaunchScreen.xib;
			sourceTree = "<group>";
		};
/* End PBXVariantGroup section */

/* Begin XCBuildConfiguration section */
		947AD88E19FE959900478B9D /* Debug */ = {
			isa = XCBuildConfiguration;
			buildSettings = {
				ALWAYS_SEARCH_USER_PATHS = NO;
				CLANG_CXX_LANGUAGE_STANDARD = "gnu++0x";
				CLANG_CXX_LIBRARY = "libc++";
				CLANG_ENABLE_MODULES = YES;
				CLANG_ENABLE_OBJC_ARC = YES;
				CLANG_WARN_BOOL_CONVERSION = YES;
				CLANG_WARN_CONSTANT_CONVERSION = YES;
				CLANG_WARN_DIRECT_OBJC_ISA_USAGE = YES_ERROR;
				CLANG_WARN_EMPTY_BODY = YES;
				CLANG_WARN_ENUM_CONVERSION = YES;
				CLANG_WARN_INT_CONVERSION = YES;
				CLANG_WARN_OBJC_ROOT_CLASS = YES_ERROR;
				CLANG_WARN_UNREACHABLE_CODE = YES;
				CLANG_WARN__DUPLICATE_METHOD_MATCH = YES;
				"CODE_SIGN_IDENTITY[sdk=iphoneos*]" = "iPhone Developer";
				COPY_PHASE_STRIP = NO;
				ENABLE_STRICT_OBJC_MSGSEND = YES;
				GCC_C_LANGUAGE_STANDARD = gnu99;
				GCC_DYNAMIC_NO_PIC = NO;
				GCC_OPTIMIZATION_LEVEL = 0;
				GCC_PREPROCESSOR_DEFINITIONS = (
					"DEBUG=1",
					"$(inherited)",
				);
				GCC_SYMBOLS_PRIVATE_EXTERN = NO;
				GCC_WARN_64_TO_32_BIT_CONVERSION = YES;
				GCC_WARN_ABOUT_RETURN_TYPE = YES_ERROR;
				GCC_WARN_UNDECLARED_SELECTOR = YES;
				GCC_WARN_UNINITIALIZED_AUTOS = YES_AGGRESSIVE;
				GCC_WARN_UNUSED_FUNCTION = YES;
				GCC_WARN_UNUSED_VARIABLE = YES;
				IPHONEOS_DEPLOYMENT_TARGET = 8.1;
				MTL_ENABLE_DEBUG_INFO = YES;
				ONLY_ACTIVE_ARCH = YES;
				SDKROOT = iphoneos;
			};
			name = Debug;
		};
		947AD88F19FE959900478B9D /* Release */ = {
			isa = XCBuildConfiguration;
			buildSettings = {
				ALWAYS_SEARCH_USER_PATHS = NO;
				CLANG_CXX_LANGUAGE_STANDARD = "gnu++0x";
				CLANG_CXX_LIBRARY = "libc++";
				CLANG_ENABLE_MODULES = YES;
				CLANG_ENABLE_OBJC_ARC = YES;
				CLANG_WARN_BOOL_CONVERSION = YES;
				CLANG_WARN_CONSTANT_CONVERSION = YES;
				CLANG_WARN_DIRECT_OBJC_ISA_USAGE = YES_ERROR;
				CLANG_WARN_EMPTY_BODY = YES;
				CLANG_WARN_ENUM_CONVERSION = YES;
				CLANG_WARN_INT_CONVERSION = YES;
				CLANG_WARN_OBJC_ROOT_CLASS = YES_ERROR;
				CLANG_WARN_UNREACHABLE_CODE = YES;
				CLANG_WARN__DUPLICATE_METHOD_MATCH = YES;
				"CODE_SIGN_IDENTITY[sdk=iphoneos*]" = "iPhone Developer";
				COPY_PHASE_STRIP = YES;
				ENABLE_NS_ASSERTIONS = NO;
				ENABLE_STRICT_OBJC_MSGSEND = YES;
				GCC_C_LANGUAGE_STANDARD = gnu99;
				GCC_WARN_64_TO_32_BIT_CONVERSION = YES;
				GCC_WARN_ABOUT_RETURN_TYPE = YES_ERROR;
				GCC_WARN_UNDECLARED_SELECTOR = YES;
				GCC_WARN_UNINITIALIZED_AUTOS = YES_AGGRESSIVE;
				GCC_WARN_UNUSED_FUNCTION = YES;
				GCC_WARN_UNUSED_VARIABLE = YES;
				IPHONEOS_DEPLOYMENT_TARGET = 8.1;
				MTL_ENABLE_DEBUG_INFO = NO;
				SDKROOT = iphoneos;
				VALIDATE_PRODUCT = YES;
			};
			name = Release;
		};
		947AD89119FE959900478B9D /* Debug */ = {
			isa = XCBuildConfiguration;
			buildSettings = {
				ASSETCATALOG_COMPILER_APPICON_NAME = AppIcon;
				INFOPLIST_FILE = Example1/Info.plist;
				LD_RUNPATH_SEARCH_PATHS = "$(inherited) @executable_path/Frameworks";
				PRODUCT_NAME = "$(TARGET_NAME)";
			};
			name = Debug;
		};
		947AD89219FE959900478B9D /* Release */ = {
			isa = XCBuildConfiguration;
			buildSettings = {
				ASSETCATALOG_COMPILER_APPICON_NAME = AppIcon;
				INFOPLIST_FILE = Example1/Info.plist;
				LD_RUNPATH_SEARCH_PATHS = "$(inherited) @executable_path/Frameworks";
				PRODUCT_NAME = "$(TARGET_NAME)";
			};
			name = Release;
		};
		947AD89419FE959900478B9D /* Debug */ = {
			isa = XCBuildConfiguration;
			buildSettings = {
				BUNDLE_LOADER = "$(TEST_HOST)";
				FRAMEWORK_SEARCH_PATHS = (
					"$(SDKROOT)/Developer/Library/Frameworks",
					"$(inherited)",
				);
				GCC_PREPROCESSOR_DEFINITIONS = (
					"DEBUG=1",
					"$(inherited)",
				);
				INFOPLIST_FILE = Example1Tests/Info.plist;
				LD_RUNPATH_SEARCH_PATHS = "$(inherited) @executable_path/Frameworks @loader_path/Frameworks";
				PRODUCT_NAME = "$(TARGET_NAME)";
				TEST_HOST = "$(BUILT_PRODUCTS_DIR)/Example1.app/Example1";
			};
			name = Debug;
		};
		947AD89519FE959900478B9D /* Release */ = {
			isa = XCBuildConfiguration;
			buildSettings = {
				BUNDLE_LOADER = "$(TEST_HOST)";
				FRAMEWORK_SEARCH_PATHS = (
					"$(SDKROOT)/Developer/Library/Frameworks",
					"$(inherited)",
				);
				INFOPLIST_FILE = Example1Tests/Info.plist;
				LD_RUNPATH_SEARCH_PATHS = "$(inherited) @executable_path/Frameworks @loader_path/Frameworks";
				PRODUCT_NAME = "$(TARGET_NAME)";
				TEST_HOST = "$(BUILT_PRODUCTS_DIR)/Example1.app/Example1";
			};
			name = Release;
		};
/* End XCBuildConfiguration section */

/* Begin XCConfigurationList section */
		947AD86519FE959800478B9D /* Build configuration list for PBXProject "Example1" */ = {
			isa = XCConfigurationList;
			buildConfigurations = (
				947AD88E19FE959900478B9D /* Debug */,
				947AD88F19FE959900478B9D /* Release */,
			);
			defaultConfigurationIsVisible = 0;
			defaultConfigurationName = Release;
		};
		947AD89019FE959900478B9D /* Build configuration list for PBXNativeTarget "Example1" */ = {
			isa = XCConfigurationList;
			buildConfigurations = (
				947AD89119FE959900478B9D /* Debug */,
				947AD89219FE959900478B9D /* Release */,
			);
			defaultConfigurationIsVisible = 0;
		};
		947AD89319FE959900478B9D /* Build configuration list for PBXNativeTarget "Example1Tests" */ = {
			isa = XCConfigurationList;
			buildConfigurations = (
				947AD89419FE959900478B9D /* Debug */,
				947AD89519FE959900478B9D /* Release */,
			);
			defaultConfigurationIsVisible = 0;
		};
/* End XCConfigurationList section */

/* Begin XCVersionGroup section */
		947AD87419FE959800478B9D /* Example1.xcdatamodeld */ = {
			isa = XCVersionGroup;
			children = (
				947AD87519FE959800478B9D /* Example1.xcdatamodel */,
			);
			currentVersion = 947AD87519FE959800478B9D /* Example1.xcdatamodel */;
			path = Example1.xcdatamodeld;
			sourceTree = "<group>";
			versionGroupType = wrapper.xcdatamodel;
		};
/* End XCVersionGroup section */
	};
	rootObject = 947AD86219FE959800478B9D /* Project object */;
}
